
Microsoft Visual Studio Solution File, Format Version 12.00
# Visual Studio Version 17
VisualStudioVersion = 17.2.32630.192
MinimumVisualStudioVersion = 10.0.40219.1
Project("{FAE04EC0-301F-11D3-BF4B-00C04F79EFBC}") = "Interfaces and Abstraction", "Interfaces and Abstraction\Interfaces and Abstraction.csproj", "{8782D4A5-91B7-45CA-B234-145C9591EA37}"
EndProject
Global
	GlobalSection(SolutionConfigurationPlatforms) = preSolution
		Debug|Any CPU = Debug|Any CPU
		Release|Any CPU = Release|Any CPU
	EndGlobalSection
	GlobalSection(ProjectConfigurationPlatforms) = postSolution
		{8782D4A5-91B7-45CA-B234-145C9591EA37}.Debug|Any CPU.ActiveCfg = Debug|Any CPU
		{8782D4A5-91B7-45CA-B234-145C9591EA37}.Debug|Any CPU.Build.0 = Debug|Any CPU
		{8782D4A5-91B7-45CA-B234-145C9591EA37}.Release|Any CPU.ActiveCfg = Release|Any CPU
		{8782D4A5-91B7-45CA-B234-145C9591EA37}.Release|Any CPU.Build.0 = Release|Any CPU
	EndGlobalSection
	GlobalSection(SolutionProperties) = preSolution
		HideSolutionNode = FALSE
	EndGlobalSection
	GlobalSection(ExtensibilityGlobals) = postSolution
		SolutionGuid = {ADAF8791-271D-4944-936B-EB0B43E7891B}
	EndGlobalSection
EndGlobal
